{
  "name": "bullwatch_v2",
  "lockfileVersion": 3,
  "requires": true,
  "packages": {
    "": {
      "dependencies": {
        "lightweight-charts": "^4.1.0"
      }
    },
    "node_modules/fancy-canvas": {
      "version": "2.1.0",
      "resolved": "https://registry.npmjs.org/fancy-canvas/-/fancy-canvas-2.1.0.tgz",
      "integrity": "sha512-nifxXJ95JNLFR2NgRV4/MxVP45G9909wJTEKz5fg/TZS20JJZA6hfgRVh/bC9bwl2zBtBNcYPjiBE4njQHVBwQ==",
      "license": "MIT"
    },
    "node_modules/lightweight-charts": {
      "version": "4.2.3",
      "resolved": "https://registry.npmjs.org/lightweight-charts/-/lightweight-charts-4.2.3.tgz",
      "integrity": "sha512-5kS/2hY3wNYNzhnS8Gb+GAS07DX8GPF2YVDnd2NMC85gJVQ6RLU6YrXNgNJ6eg0AnWPwCnvaGtYmGky3HiLQEw==",
      "license": "Apache-2.0",
      "dependencies": {
        "fancy-canvas": "2.1.0"
      }
    }
  }
}
